
Microsoft Visual Studio Solution File, Format Version 12.00
# Visual Studio Version 17
VisualStudioVersion = 17.11.35327.3
MinimumVisualStudioVersion = 10.0.40219.1
Project("{FAE04EC0-301F-11D3-BF4B-00C04F79EFBC}") = "LocalHost", "LocalHost.csproj", "{9C265A4D-A232-4E72-A16D-9CA64E1DAFFF}"
EndProject
Global
	GlobalSection(SolutionConfigurationPlatforms) = preSolution
		Debug|Any CPU = Debug|Any CPU
		Release|Any CPU = Release|Any CPU
	EndGlobalSection
	GlobalSection(ProjectConfigurationPlatforms) = postSolution
		{9C265A4D-A232-4E72-A16D-9CA64E1DAFFF}.Debug|Any CPU.ActiveCfg = Debug|Any CPU
		{9C265A4D-A232-4E72-A16D-9CA64E1DAFFF}.Debug|Any CPU.Build.0 = Debug|Any CPU
		{9C265A4D-A232-4E72-A16D-9CA64E1DAFFF}.Release|Any CPU.ActiveCfg = Release|Any CPU
		{9C265A4D-A232-4E72-A16D-9CA64E1DAFFF}.Release|Any CPU.Build.0 = Release|Any CPU
	EndGlobalSection
	GlobalSection(SolutionProperties) = preSolution
		HideSolutionNode = FALSE
	EndGlobalSection
	GlobalSection(ExtensibilityGlobals) = postSolution
		SolutionGuid = {1B45B096-8D14-42A3-80DD-E92C7BDE888F}
	EndGlobalSection
EndGlobal
