
Microsoft Visual Studio Solution File, Format Version 12.00
# Visual Studio Version 17
VisualStudioVersion = 17.8.34601.278
MinimumVisualStudioVersion = 10.0.40219.1
Project("{9A19103F-16F7-4668-BE54-9A1E7A4F7556}") = "optimizer", "optimizer\optimizer.csproj", "{E1782A42-7AB5-449D-B295-890D7315B11B}"
EndProject
Project("{9A19103F-16F7-4668-BE54-9A1E7A4F7556}") = "MapGenerator", "MapGenerator\MapGenerator.csproj", "{15088F28-965E-4867-BD63-8ADC3E8092F9}"
	ProjectSection(ProjectDependencies) = postProject
		{E1782A42-7AB5-449D-B295-890D7315B11B} = {E1782A42-7AB5-449D-B295-890D7315B11B}
	EndProjectSection
EndProject
Project("{9A19103F-16F7-4668-BE54-9A1E7A4F7556}") = "NativeScorer", "NativeScorer\NativeScorer.csproj", "{E59050B6-207D-40CB-8C44-42F686289B4E}"
EndProject
Project("{9A19103F-16F7-4668-BE54-9A1E7A4F7556}") = "Common", "Common\Common.csproj", "{B5EAFC20-FDAB-40BD-9E4B-D22211B1C815}"
EndProject
Project("{9A19103F-16F7-4668-BE54-9A1E7A4F7556}") = "ResourceExtractor", "ResourceExtractor\ResourceExtractor.csproj", "{22CC7CFD-75C5-47A4-B8AA-4AAB90F31CE0}"
EndProject
Project("{9A19103F-16F7-4668-BE54-9A1E7A4F7556}") = "ConfigInference", "ConfigInference\ConfigInference.csproj", "{CD3C0A3B-5BCD-4607-A750-12E49B16EA6D}"
EndProject
Global
	GlobalSection(SolutionConfigurationPlatforms) = preSolution
		Debug|Any CPU = Debug|Any CPU
		Release|Any CPU = Release|Any CPU
	EndGlobalSection
	GlobalSection(ProjectConfigurationPlatforms) = postSolution
		{E1782A42-7AB5-449D-B295-890D7315B11B}.Debug|Any CPU.ActiveCfg = Debug|Any CPU
		{E1782A42-7AB5-449D-B295-890D7315B11B}.Debug|Any CPU.Build.0 = Debug|Any CPU
		{E1782A42-7AB5-449D-B295-890D7315B11B}.Release|Any CPU.ActiveCfg = Release|Any CPU
		{E1782A42-7AB5-449D-B295-890D7315B11B}.Release|Any CPU.Build.0 = Release|Any CPU
		{15088F28-965E-4867-BD63-8ADC3E8092F9}.Debug|Any CPU.ActiveCfg = Debug|Any CPU
		{15088F28-965E-4867-BD63-8ADC3E8092F9}.Debug|Any CPU.Build.0 = Debug|Any CPU
		{15088F28-965E-4867-BD63-8ADC3E8092F9}.Release|Any CPU.ActiveCfg = Release|Any CPU
		{15088F28-965E-4867-BD63-8ADC3E8092F9}.Release|Any CPU.Build.0 = Release|Any CPU
		{E59050B6-207D-40CB-8C44-42F686289B4E}.Debug|Any CPU.ActiveCfg = Debug|Any CPU
		{E59050B6-207D-40CB-8C44-42F686289B4E}.Debug|Any CPU.Build.0 = Debug|Any CPU
		{E59050B6-207D-40CB-8C44-42F686289B4E}.Release|Any CPU.ActiveCfg = Release|Any CPU
		{E59050B6-207D-40CB-8C44-42F686289B4E}.Release|Any CPU.Build.0 = Release|Any CPU
		{B5EAFC20-FDAB-40BD-9E4B-D22211B1C815}.Debug|Any CPU.ActiveCfg = Debug|Any CPU
		{B5EAFC20-FDAB-40BD-9E4B-D22211B1C815}.Debug|Any CPU.Build.0 = Debug|Any CPU
		{B5EAFC20-FDAB-40BD-9E4B-D22211B1C815}.Release|Any CPU.ActiveCfg = Release|Any CPU
		{B5EAFC20-FDAB-40BD-9E4B-D22211B1C815}.Release|Any CPU.Build.0 = Release|Any CPU
		{22CC7CFD-75C5-47A4-B8AA-4AAB90F31CE0}.Debug|Any CPU.ActiveCfg = Debug|Any CPU
		{22CC7CFD-75C5-47A4-B8AA-4AAB90F31CE0}.Debug|Any CPU.Build.0 = Debug|Any CPU
		{22CC7CFD-75C5-47A4-B8AA-4AAB90F31CE0}.Release|Any CPU.ActiveCfg = Release|Any CPU
		{22CC7CFD-75C5-47A4-B8AA-4AAB90F31CE0}.Release|Any CPU.Build.0 = Release|Any CPU
		{CD3C0A3B-5BCD-4607-A750-12E49B16EA6D}.Debug|Any CPU.ActiveCfg = Debug|Any CPU
		{CD3C0A3B-5BCD-4607-A750-12E49B16EA6D}.Debug|Any CPU.Build.0 = Debug|Any CPU
		{CD3C0A3B-5BCD-4607-A750-12E49B16EA6D}.Release|Any CPU.ActiveCfg = Release|Any CPU
		{CD3C0A3B-5BCD-4607-A750-12E49B16EA6D}.Release|Any CPU.Build.0 = Release|Any CPU
	EndGlobalSection
	GlobalSection(SolutionProperties) = preSolution
		HideSolutionNode = FALSE
	EndGlobalSection
	GlobalSection(ExtensibilityGlobals) = postSolution
		SolutionGuid = {4FBEF2E9-661C-4495-BDC4-8791B2C2CEA7}
	EndGlobalSection
EndGlobal
